
Microsoft Visual Studio Solution File, Format Version 12.00
# Visual Studio Version 16
VisualStudioVersion = 16.0.30011.22
MinimumVisualStudioVersion = 10.0.40219.1
Project("{FAE04EC0-301F-11D3-BF4B-00C04F79EFBC}") = "dotnet-core-api-with-jwt", "dotnet-core-api-with-jwt\dotnet-core-api-with-jwt.csproj", "{8D735BBD-058C-4891-A03C-DFD17FEAC75E}"
EndProject
Global
	GlobalSection(SolutionConfigurationPlatforms) = preSolution
		Debug|Any CPU = Debug|Any CPU
		Release|Any CPU = Release|Any CPU
	EndGlobalSection
	GlobalSection(ProjectConfigurationPlatforms) = postSolution
		{8D735BBD-058C-4891-A03C-DFD17FEAC75E}.Debug|Any CPU.ActiveCfg = Debug|Any CPU
		{8D735BBD-058C-4891-A03C-DFD17FEAC75E}.Debug|Any CPU.Build.0 = Debug|Any CPU
		{8D735BBD-058C-4891-A03C-DFD17FEAC75E}.Release|Any CPU.ActiveCfg = Release|Any CPU
		{8D735BBD-058C-4891-A03C-DFD17FEAC75E}.Release|Any CPU.Build.0 = Release|Any CPU
	EndGlobalSection
	GlobalSection(SolutionProperties) = preSolution
		HideSolutionNode = FALSE
	EndGlobalSection
	GlobalSection(ExtensibilityGlobals) = postSolution
		SolutionGuid = {0FCE7945-85C7-471E-B004-28BE475EACA4}
	EndGlobalSection
EndGlobal
